
Microsoft Visual Studio Solution File, Format Version 12.00
# Visual Studio 15
VisualStudioVersion = 15.0.28307.1401
MinimumVisualStudioVersion = 10.0.40219.1
Project("{FAE04EC0-301F-11D3-BF4B-00C04F79EFBC}") = "Kata6Anagrama", "Kata6Anagrama\Kata6Anagrama.csproj", "{641A0F88-BC7D-4121-B168-611E9D09D4D6}"
EndProject
Project("{FAE04EC0-301F-11D3-BF4B-00C04F79EFBC}") = "UnitTestProject1", "UnitTestProject1\UnitTestProject1.csproj", "{7C7129FA-0472-44D6-9C40-3610C37077DB}"
EndProject
Global
	GlobalSection(SolutionConfigurationPlatforms) = preSolution
		Debug|Any CPU = Debug|Any CPU
		Release|Any CPU = Release|Any CPU
	EndGlobalSection
	GlobalSection(ProjectConfigurationPlatforms) = postSolution
		{641A0F88-BC7D-4121-B168-611E9D09D4D6}.Debug|Any CPU.ActiveCfg = Debug|Any CPU
		{641A0F88-BC7D-4121-B168-611E9D09D4D6}.Debug|Any CPU.Build.0 = Debug|Any CPU
		{641A0F88-BC7D-4121-B168-611E9D09D4D6}.Release|Any CPU.ActiveCfg = Release|Any CPU
		{641A0F88-BC7D-4121-B168-611E9D09D4D6}.Release|Any CPU.Build.0 = Release|Any CPU
		{7C7129FA-0472-44D6-9C40-3610C37077DB}.Debug|Any CPU.ActiveCfg = Debug|Any CPU
		{7C7129FA-0472-44D6-9C40-3610C37077DB}.Debug|Any CPU.Build.0 = Debug|Any CPU
		{7C7129FA-0472-44D6-9C40-3610C37077DB}.Release|Any CPU.ActiveCfg = Release|Any CPU
		{7C7129FA-0472-44D6-9C40-3610C37077DB}.Release|Any CPU.Build.0 = Release|Any CPU
	EndGlobalSection
	GlobalSection(SolutionProperties) = preSolution
		HideSolutionNode = FALSE
	EndGlobalSection
	GlobalSection(ExtensibilityGlobals) = postSolution
		SolutionGuid = {44738C83-D8D7-4710-8BEC-0EC64AAAB056}
	EndGlobalSection
EndGlobal
